
Microsoft Visual Studio Solution File, Format Version 12.00
# Visual Studio Version 17
VisualStudioVersion = 17.7.34221.43
MinimumVisualStudioVersion = 10.0.40219.1
Project("{9A19103F-16F7-4668-BE54-9A1E7A4F7556}") = "WebAPI", "WebAPI.csproj", "{6684F320-3564-4632-84C1-CC7EE3642F01}"
EndProject
Project("{9A19103F-16F7-4668-BE54-9A1E7A4F7556}") = "IntegrationTests.Specflow", "..\IntegrationTests.Specflow\IntegrationTests.Specflow.csproj", "{AF04CF1E-1126-48E6-97D0-125E29178213}"
EndProject
Project("{9A19103F-16F7-4668-BE54-9A1E7A4F7556}") = "IntergrationTests.HttpClient", "..\IntergrationTests.HttpClient\IntergrationTests.HttpClient.csproj", "{911C578F-0B2F-4A04-BC09-38BF34DCD6F9}"
EndProject
Project("{9A19103F-16F7-4668-BE54-9A1E7A4F7556}") = "IntegrationTests.RestAssured", "..\IntegrationTests.RestAssured\IntegrationTests.RestAssured.csproj", "{3BF085AC-DD15-4C68-ABAA-AA738EDF0655}"
EndProject
Global
	GlobalSection(SolutionConfigurationPlatforms) = preSolution
		Debug|Any CPU = Debug|Any CPU
		Release|Any CPU = Release|Any CPU
	EndGlobalSection
	GlobalSection(ProjectConfigurationPlatforms) = postSolution
		{6684F320-3564-4632-84C1-CC7EE3642F01}.Debug|Any CPU.ActiveCfg = Debug|Any CPU
		{6684F320-3564-4632-84C1-CC7EE3642F01}.Debug|Any CPU.Build.0 = Debug|Any CPU
		{6684F320-3564-4632-84C1-CC7EE3642F01}.Release|Any CPU.ActiveCfg = Release|Any CPU
		{6684F320-3564-4632-84C1-CC7EE3642F01}.Release|Any CPU.Build.0 = Release|Any CPU
		{AF04CF1E-1126-48E6-97D0-125E29178213}.Debug|Any CPU.ActiveCfg = Debug|Any CPU
		{AF04CF1E-1126-48E6-97D0-125E29178213}.Debug|Any CPU.Build.0 = Debug|Any CPU
		{AF04CF1E-1126-48E6-97D0-125E29178213}.Release|Any CPU.ActiveCfg = Release|Any CPU
		{AF04CF1E-1126-48E6-97D0-125E29178213}.Release|Any CPU.Build.0 = Release|Any CPU
		{911C578F-0B2F-4A04-BC09-38BF34DCD6F9}.Debug|Any CPU.ActiveCfg = Debug|Any CPU
		{911C578F-0B2F-4A04-BC09-38BF34DCD6F9}.Debug|Any CPU.Build.0 = Debug|Any CPU
		{911C578F-0B2F-4A04-BC09-38BF34DCD6F9}.Release|Any CPU.ActiveCfg = Release|Any CPU
		{911C578F-0B2F-4A04-BC09-38BF34DCD6F9}.Release|Any CPU.Build.0 = Release|Any CPU
		{3BF085AC-DD15-4C68-ABAA-AA738EDF0655}.Debug|Any CPU.ActiveCfg = Debug|Any CPU
		{3BF085AC-DD15-4C68-ABAA-AA738EDF0655}.Debug|Any CPU.Build.0 = Debug|Any CPU
		{3BF085AC-DD15-4C68-ABAA-AA738EDF0655}.Release|Any CPU.ActiveCfg = Release|Any CPU
		{3BF085AC-DD15-4C68-ABAA-AA738EDF0655}.Release|Any CPU.Build.0 = Release|Any CPU
	EndGlobalSection
	GlobalSection(SolutionProperties) = preSolution
		HideSolutionNode = FALSE
	EndGlobalSection
	GlobalSection(ExtensibilityGlobals) = postSolution
		SolutionGuid = {CDE11953-F4C3-4837-86BD-7FD971406B58}
	EndGlobalSection
EndGlobal
